
Microsoft Visual Studio Solution File, Format Version 12.00
# Visual Studio Version 17
VisualStudioVersion = 17.12.35527.113 d17.12
MinimumVisualStudioVersion = 10.0.40219.1
Project("{FAE04EC0-301F-11D3-BF4B-00C04F79EFBC}") = "Client", "Client\Client.csproj", "{0F1E91B2-B21B-4E6C-A35E-9AA3D94A6626}"
EndProject
Project("{FAE04EC0-301F-11D3-BF4B-00C04F79EFBC}") = "Server", "Server\Server.csproj", "{2BDE3779-AAAD-4DF7-A5B1-4232934C2A87}"
EndProject
Project("{2150E333-8FDC-42A3-9474-1A3956D46DE8}") = "protos", "protos", "{7CCB92F1-C1DF-461F-B7ED-72F22CBD75D0}"
	ProjectSection(SolutionItems) = preProject
		Prime.proto = Prime.proto
		ComputeAverage.proto = ComputeAverage.proto
		sqrt.proto = sqrt.proto
		greeting.proto = greeting.proto
	EndProjectSection
EndProject
Global
	GlobalSection(SolutionConfigurationPlatforms) = preSolution
		Debug|Any CPU = Debug|Any CPU
		Release|Any CPU = Release|Any CPU
	EndGlobalSection
	GlobalSection(ProjectConfigurationPlatforms) = postSolution
		{0F1E91B2-B21B-4E6C-A35E-9AA3D94A6626}.Debug|Any CPU.ActiveCfg = Debug|Any CPU
		{0F1E91B2-B21B-4E6C-A35E-9AA3D94A6626}.Debug|Any CPU.Build.0 = Debug|Any CPU
		{0F1E91B2-B21B-4E6C-A35E-9AA3D94A6626}.Release|Any CPU.ActiveCfg = Release|Any CPU
		{0F1E91B2-B21B-4E6C-A35E-9AA3D94A6626}.Release|Any CPU.Build.0 = Release|Any CPU
		{2BDE3779-AAAD-4DF7-A5B1-4232934C2A87}.Debug|Any CPU.ActiveCfg = Debug|Any CPU
		{2BDE3779-AAAD-4DF7-A5B1-4232934C2A87}.Debug|Any CPU.Build.0 = Debug|Any CPU
		{2BDE3779-AAAD-4DF7-A5B1-4232934C2A87}.Release|Any CPU.ActiveCfg = Release|Any CPU
		{2BDE3779-AAAD-4DF7-A5B1-4232934C2A87}.Release|Any CPU.Build.0 = Release|Any CPU
	EndGlobalSection
	GlobalSection(SolutionProperties) = preSolution
		HideSolutionNode = FALSE
	EndGlobalSection
EndGlobal
